// !$*UTF8*$!
{
	archiveVersion = 1;
	classes = {
	};
	objectVersion = 50;
	objects = {

/* Begin PBXBuildFile section */
		7A19180920880A2700090DC8 /* AppDelegate.m in Sources */ = {isa = PBXBuildFile; fileRef = 7A19180820880A2700090DC8 /* AppDelegate.m */; };
		7A19180C20880A2700090DC8 /* ViewController.m in Sources */ = {isa = PBXBuildFile; fileRef = 7A19180B20880A2700090DC8 /* ViewController.m */; };
		7A19180F20880A2700090DC8 /* Main.storyboard in Resources */ = {isa = PBXBuildFile; fileRef = 7A19180D20880A2700090DC8 /* Main.storyboard */; };
		7A19181120880A2800090DC8 /* Assets.xcassets in Resources */ = {isa = PBXBuildFile; fileRef = 7A19181020880A2800090DC8 /* Assets.xcassets */; };
		7A19181420880A2900090DC8 /* LaunchScreen.storyboard in Resources */ = {isa = PBXBuildFile; fileRef = 7A19181220880A2900090DC8 /* LaunchScreen.storyboard */; };
		7A19181720880A2900090DC8 /* main.m in Sources */ = {isa = PBXBuildFile; fileRef = 7A19181620880A2900090DC8 /* main.m */; };
		7A19182120880A2900090DC8 /* HouseTests.m in Sources */ = {isa = PBXBuildFile; fileRef = 7A19182020880A2900090DC8 /* HouseTests.m */; };
		7A19182C20880A2900090DC8 /* HouseUITests.m in Sources */ = {isa = PBXBuildFile; fileRef = 7A19182B20880A2900090DC8 /* HouseUITests.m */; };
		7A19185C2088100700090DC8 /* secret_passage.jpg in Resources */ = {isa = PBXBuildFile; fileRef = 7A19184D2088100600090DC8 /* secret_passage.jpg */; };
		7A19185D2088100700090DC8 /* bedroom.jpg in Resources */ = {isa = PBXBuildFile; fileRef = 7A19184E2088100600090DC8 /* bedroom.jpg */; };
		7A19185E2088100700090DC8 /* bathroom.jpg in Resources */ = {isa = PBXBuildFile; fileRef = 7A19184F2088100600090DC8 /* bathroom.jpg */; };
		7A19185F2088100700090DC8 /* dungeon.jpg in Resources */ = {isa = PBXBuildFile; fileRef = 7A1918502088100600090DC8 /* dungeon.jpg */; };
		7A1918602088100700090DC8 /* dining_room.jpg in Resources */ = {isa = PBXBuildFile; fileRef = 7A1918512088100600090DC8 /* dining_room.jpg */; };
		7A1918612088100700090DC8 /* kitchen.jpg in Resources */ = {isa = PBXBuildFile; fileRef = 7A1918522088100700090DC8 /* kitchen.jpg */; };
		7A1918622088100700090DC8 /* library.jpg in Resources */ = {isa = PBXBuildFile; fileRef = 7A1918532088100700090DC8 /* library.jpg */; };
		7A1918632088100700090DC8 /* cursed_chalice.jpg in Resources */ = {isa = PBXBuildFile; fileRef = 7A1918542088100700090DC8 /* cursed_chalice.jpg */; };
		7A1918642088100700090DC8 /* back_porch.jpg in Resources */ = {isa = PBXBuildFile; fileRef = 7A1918552088100700090DC8 /* back_porch.jpg */; };
		7A1918652088100700090DC8 /* mysterious_lake.jpg in Resources */ = {isa = PBXBuildFile; fileRef = 7A1918562088100700090DC8 /* mysterious_lake.jpg */; };
		7A1918662088100700090DC8 /* coat_room.jpg in Resources */ = {isa = PBXBuildFile; fileRef = 7A1918572088100700090DC8 /* coat_room.jpg */; };
		7A1918672088100700090DC8 /* generator.jpg in Resources */ = {isa = PBXBuildFile; fileRef = 7A1918582088100700090DC8 /* generator.jpg */; };
		7A1918682088100700090DC8 /* front_door.jpg in Resources */ = {isa = PBXBuildFile; fileRef = 7A1918592088100700090DC8 /* front_door.jpg */; };
		7A1918692088100700090DC8 /* stairs_up.jpg in Resources */ = {isa = PBXBuildFile; fileRef = 7A19185A2088100700090DC8 /* stairs_up.jpg */; };
		7A19186A2088100700090DC8 /* labratory.jpg in Resources */ = {isa = PBXBuildFile; fileRef = 7A19185B2088100700090DC8 /* labratory.jpg */; };
/* End PBXBuildFile section */

/* Begin PBXContainerItemProxy section */
		7A19181D20880A2900090DC8 /* PBXContainerItemProxy */ = {
			isa = PBXContainerItemProxy;
			containerPortal = 7A1917FC20880A2700090DC8 /* Project object */;
			proxyType = 1;
			remoteGlobalIDString = 7A19180320880A2700090DC8;
			remoteInfo = House;
		};
		7A19182820880A2900090DC8 /* PBXContainerItemProxy */ = {
			isa = PBXContainerItemProxy;
			containerPortal = 7A1917FC20880A2700090DC8 /* Project object */;
			proxyType = 1;
			remoteGlobalIDString = 7A19180320880A2700090DC8;
			remoteInfo = House;
		};
/* End PBXContainerItemProxy section */

/* Begin PBXFileReference section */
		7A19180420880A2700090DC8 /* House.app */ = {isa = PBXFileReference; explicitFileType = wrapper.application; includeInIndex = 0; path = House.app; sourceTree = BUILT_PRODUCTS_DIR; };
		7A19180720880A2700090DC8 /* AppDelegate.h */ = {isa = PBXFileReference; lastKnownFileType = sourcecode.c.h; path = AppDelegate.h; sourceTree = "<group>"; };
		7A19180820880A2700090DC8 /* AppDelegate.m */ = {isa = PBXFileReference; lastKnownFileType = sourcecode.c.objc; path = AppDelegate.m; sourceTree = "<group>"; };
		7A19180A20880A2700090DC8 /* ViewController.h */ = {isa = PBXFileReference; lastKnownFileType = sourcecode.c.h; path = ViewController.h; sourceTree = "<group>"; };
		7A19180B20880A2700090DC8 /* ViewController.m */ = {isa = PBXFileReference; lastKnownFileType = sourcecode.c.objc; path = ViewController.m; sourceTree = "<group>"; };
		7A19180E20880A2700090DC8 /* Base */ = {isa = PBXFileReference; lastKnownFileType = file.storyboard; name = Base; path = Base.lproj/Main.storyboard; sourceTree = "<group>"; };
		7A19181020880A2800090DC8 /* Assets.xcassets */ = {isa = PBXFileReference; lastKnownFileType = folder.assetcatalog; path = Assets.xcassets; sourceTree = "<group>"; };
		7A19181320880A2900090DC8 /* Base */ = {isa = PBXFileReference; lastKnownFileType = file.storyboard; name = Base; path = Base.lproj/LaunchScreen.storyboard; sourceTree = "<group>"; };
		7A19181520880A2900090DC8 /* Info.plist */ = {isa = PBXFileReference; lastKnownFileType = text.plist.xml; path = Info.plist; sourceTree = "<group>"; };
		7A19181620880A2900090DC8 /* main.m */ = {isa = PBXFileReference; lastKnownFileType = sourcecode.c.objc; path = main.m; sourceTree = "<group>"; };
		7A19181C20880A2900090DC8 /* HouseTests.xctest */ = {isa = PBXFileReference; explicitFileType = wrapper.cfbundle; includeInIndex = 0; path = HouseTests.xctest; sourceTree = BUILT_PRODUCTS_DIR; };
		7A19182020880A2900090DC8 /* HouseTests.m */ = {isa = PBXFileReference; lastKnownFileType = sourcecode.c.objc; path = HouseTests.m; sourceTree = "<group>"; };
		7A19182220880A2900090DC8 /* Info.plist */ = {isa = PBXFileReference; lastKnownFileType = text.plist.xml; path = Info.plist; sourceTree = "<group>"; };
		7A19182720880A2900090DC8 /* HouseUITests.xctest */ = {isa = PBXFileReference; explicitFileType = wrapper.cfbundle; includeInIndex = 0; path = HouseUITests.xctest; sourceTree = BUILT_PRODUCTS_DIR; };
		7A19182B20880A2900090DC8 /* HouseUITests.m */ = {isa = PBXFileReference; lastKnownFileType = sourcecode.c.objc; path = HouseUITests.m; sourceTree = "<group>"; };
		7A19182D20880A2900090DC8 /* Info.plist */ = {isa = PBXFileReference; lastKnownFileType = text.plist.xml; path = Info.plist; sourceTree = "<group>"; };
		7A19184D2088100600090DC8 /* secret_passage.jpg */ = {isa = PBXFileReference; lastKnownFileType = image.jpeg; name = secret_passage.jpg; path = "../../../../../Downloads/iOS-navigationgame-assets-master/images/secret_passage.jpg"; sourceTree = "<group>"; };
		7A19184E2088100600090DC8 /* bedroom.jpg */ = {isa = PBXFileReference; lastKnownFileType = image.jpeg; name = bedroom.jpg; path = "../../../../../Downloads/iOS-navigationgame-assets-master/images/bedroom.jpg"; sourceTree = "<group>"; };
		7A19184F2088100600090DC8 /* bathroom.jpg */ = {isa = PBXFileReference; lastKnownFileType = image.jpeg; name = bathroom.jpg; path = "../../../../../Downloads/iOS-navigationgame-assets-master/images/bathroom.jpg"; sourceTree = "<group>"; };
		7A1918502088100600090DC8 /* dungeon.jpg */ = {isa = PBXFileReference; lastKnownFileType = image.jpeg; name = dungeon.jpg; path = "../../../../../Downloads/iOS-navigationgame-assets-master/images/dungeon.jpg"; sourceTree = "<group>"; };
		7A1918512088100600090DC8 /* dining_room.jpg */ = {isa = PBXFileReference; lastKnownFileType = image.jpeg; name = dining_room.jpg; path = "../../../../../Downloads/iOS-navigationgame-assets-master/images/dining_room.jpg"; sourceTree = "<group>"; };
		7A1918522088100700090DC8 /* kitchen.jpg */ = {isa = PBXFileReference; lastKnownFileType = image.jpeg; name = kitchen.jpg; path = "../../../../../Downloads/iOS-navigationgame-assets-master/images/kitchen.jpg"; sourceTree = "<group>"; };
		7A1918532088100700090DC8 /* library.jpg */ = {isa = PBXFileReference; lastKnownFileType = image.jpeg; name = library.jpg; path = "../../../../../Downloads/iOS-navigationgame-assets-master/images/library.jpg"; sourceTree = "<group>"; };
		7A1918542088100700090DC8 /* cursed_chalice.jpg */ = {isa = PBXFileReference; lastKnownFileType = image.jpeg; name = cursed_chalice.jpg; path = "../../../../../Downloads/iOS-navigationgame-assets-master/images/cursed_chalice.jpg"; sourceTree = "<group>"; };
		7A1918552088100700090DC8 /* back_porch.jpg */ = {isa = PBXFileReference; lastKnownFileType = image.jpeg; name = back_porch.jpg; path = "../../../../../Downloads/iOS-navigationgame-assets-master/images/back_porch.jpg"; sourceTree = "<group>"; };
		7A1918562088100700090DC8 /* mysterious_lake.jpg */ = {isa = PBXFileReference; lastKnownFileType = image.jpeg; name = mysterious_lake.jpg; path = "../../../../../Downloads/iOS-navigationgame-assets-master/images/mysterious_lake.jpg"; sourceTree = "<group>"; };
		7A1918572088100700090DC8 /* coat_room.jpg */ = {isa = PBXFileReference; lastKnownFileType = image.jpeg; name = coat_room.jpg; path = "../../../../../Downloads/iOS-navigationgame-assets-master/images/coat_room.jpg"; sourceTree = "<group>"; };
		7A1918582088100700090DC8 /* generator.jpg */ = {isa = PBXFileReference; lastKnownFileType = image.jpeg; name = generator.jpg; path = "../../../../../Downloads/iOS-navigationgame-assets-master/images/generator.jpg"; sourceTree = "<group>"; };
		7A1918592088100700090DC8 /* front_door.jpg */ = {isa = PBXFileReference; lastKnownFileType = image.jpeg; name = front_door.jpg; path = "../../../../../Downloads/iOS-navigationgame-assets-master/images/front_door.jpg"; sourceTree = "<group>"; };
		7A19185A2088100700090DC8 /* stairs_up.jpg */ = {isa = PBXFileReference; lastKnownFileType = image.jpeg; name = stairs_up.jpg; path = "../../../../../Downloads/iOS-navigationgame-assets-master/images/stairs_up.jpg"; sourceTree = "<group>"; };
		7A19185B2088100700090DC8 /* labratory.jpg */ = {isa = PBXFileReference; lastKnownFileType = image.jpeg; name = labratory.jpg; path = "../../../../../Downloads/iOS-navigationgame-assets-master/images/labratory.jpg"; sourceTree = "<group>"; };
/* End PBXFileReference section */

/* Begin PBXFrameworksBuildPhase section */
		7A19180120880A2700090DC8 /* Frameworks */ = {
			isa = PBXFrameworksBuildPhase;
			buildActionMask = 2147483647;
			files = (
			);
			runOnlyForDeploymentPostprocessing = 0;
		};
		7A19181920880A2900090DC8 /* Frameworks */ = {
			isa = PBXFrameworksBuildPhase;
			buildActionMask = 2147483647;
			files = (
			);
			runOnlyForDeploymentPostprocessing = 0;
		};
		7A19182420880A2900090DC8 /* Frameworks */ = {
			isa = PBXFrameworksBuildPhase;
			buildActionMask = 2147483647;
			files = (
			);
			runOnlyForDeploymentPostprocessing = 0;
		};
/* End PBXFrameworksBuildPhase section */

/* Begin PBXGroup section */
		7A1917FB20880A2700090DC8 = {
			isa = PBXGroup;
			children = (
				7A19180620880A2700090DC8 /* House */,
				7A19181F20880A2900090DC8 /* HouseTests */,
				7A19182A20880A2900090DC8 /* HouseUITests */,
				7A19180520880A2700090DC8 /* Products */,
			);
			sourceTree = "<group>";
		};
		7A19180520880A2700090DC8 /* Products */ = {
			isa = PBXGroup;
			children = (
				7A19180420880A2700090DC8 /* House.app */,
				7A19181C20880A2900090DC8 /* HouseTests.xctest */,
				7A19182720880A2900090DC8 /* HouseUITests.xctest */,
			);
			name = Products;
			sourceTree = "<group>";
		};
		7A19180620880A2700090DC8 /* House */ = {
			isa = PBXGroup;
			children = (
				7A19184C20880FE400090DC8 /* images */,
				7A19180720880A2700090DC8 /* AppDelegate.h */,
				7A19180820880A2700090DC8 /* AppDelegate.m */,
				7A19180A20880A2700090DC8 /* ViewController.h */,
				7A19180B20880A2700090DC8 /* ViewController.m */,
				7A19180D20880A2700090DC8 /* Main.storyboard */,
				7A19181020880A2800090DC8 /* Assets.xcassets */,
				7A19181220880A2900090DC8 /* LaunchScreen.storyboard */,
				7A19181520880A2900090DC8 /* Info.plist */,
				7A19181620880A2900090DC8 /* main.m */,
			);
			path = House;
			sourceTree = "<group>";
		};
		7A19181F20880A2900090DC8 /* HouseTests */ = {
			isa = PBXGroup;
			children = (
				7A19182020880A2900090DC8 /* HouseTests.m */,
				7A19182220880A2900090DC8 /* Info.plist */,
			);
			path = HouseTests;
			sourceTree = "<group>";
		};
		7A19182A20880A2900090DC8 /* HouseUITests */ = {
			isa = PBXGroup;
			children = (
				7A19182B20880A2900090DC8 /* HouseUITests.m */,
				7A19182D20880A2900090DC8 /* Info.plist */,
			);
			path = HouseUITests;
			sourceTree = "<group>";
		};
		7A19184C20880FE400090DC8 /* images */ = {
			isa = PBXGroup;
			children = (
				7A1918552088100700090DC8 /* back_porch.jpg */,
				7A19184F2088100600090DC8 /* bathroom.jpg */,
				7A19184E2088100600090DC8 /* bedroom.jpg */,
				7A1918572088100700090DC8 /* coat_room.jpg */,
				7A1918542088100700090DC8 /* cursed_chalice.jpg */,
				7A1918512088100600090DC8 /* dining_room.jpg */,
				7A1918502088100600090DC8 /* dungeon.jpg */,
				7A1918592088100700090DC8 /* front_door.jpg */,
				7A1918582088100700090DC8 /* generator.jpg */,
				7A1918522088100700090DC8 /* kitchen.jpg */,
				7A19185B2088100700090DC8 /* labratory.jpg */,
				7A1918532088100700090DC8 /* library.jpg */,
				7A1918562088100700090DC8 /* mysterious_lake.jpg */,
				7A19184D2088100600090DC8 /* secret_passage.jpg */,
				7A19185A2088100700090DC8 /* stairs_up.jpg */,
			);
			path = images;
			sourceTree = "<group>";
		};
/* End PBXGroup section */

/* Begin PBXNativeTarget section */
		7A19180320880A2700090DC8 /* House */ = {
			isa = PBXNativeTarget;
			buildConfigurationList = 7A19183020880A2900090DC8 /* Build configuration list for PBXNativeTarget "House" */;
			buildPhases = (
				7A19180020880A2700090DC8 /* Sources */,
				7A19180120880A2700090DC8 /* Frameworks */,
				7A19180220880A2700090DC8 /* Resources */,
			);
			buildRules = (
			);
			dependencies = (
			);
			name = House;
			productName = House;
			productReference = 7A19180420880A2700090DC8 /* House.app */;
			productType = "com.apple.product-type.application";
		};
		7A19181B20880A2900090DC8 /* HouseTests */ = {
			isa = PBXNativeTarget;
			buildConfigurationList = 7A19183320880A2900090DC8 /* Build configuration list for PBXNativeTarget "HouseTests" */;
			buildPhases = (
				7A19181820880A2900090DC8 /* Sources */,
				7A19181920880A2900090DC8 /* Frameworks */,
				7A19181A20880A2900090DC8 /* Resources */,
			);
			buildRules = (
			);
			dependencies = (
				7A19181E20880A2900090DC8 /* PBXTargetDependency */,
			);
			name = HouseTests;
			productName = HouseTests;
			productReference = 7A19181C20880A2900090DC8 /* HouseTests.xctest */;
			productType = "com.apple.product-type.bundle.unit-test";
		};
		7A19182620880A2900090DC8 /* HouseUITests */ = {
			isa = PBXNativeTarget;
			buildConfigurationList = 7A19183620880A2900090DC8 /* Build configuration list for PBXNativeTarget "HouseUITests" */;
			buildPhases = (
				7A19182320880A2900090DC8 /* Sources */,
				7A19182420880A2900090DC8 /* Frameworks */,
				7A19182520880A2900090DC8 /* Resources */,
			);
			buildRules = (
			);
			dependencies = (
				7A19182920880A2900090DC8 /* PBXTargetDependency */,
			);
			name = HouseUITests;
			productName = HouseUITests;
			productReference = 7A19182720880A2900090DC8 /* HouseUITests.xctest */;
			productType = "com.apple.product-type.bundle.ui-testing";
		};
/* End PBXNativeTarget section */

/* Begin PBXProject section */
		7A1917FC20880A2700090DC8 /* Project object */ = {
			isa = PBXProject;
			attributes = {
				LastUpgradeCheck = 0930;
				ORGANIZATIONNAME = "Brian Vo";
				TargetAttributes = {
					7A19180320880A2700090DC8 = {
						CreatedOnToolsVersion = 9.3;
					};
					7A19181B20880A2900090DC8 = {
						CreatedOnToolsVersion = 9.3;
						TestTargetID = 7A19180320880A2700090DC8;
					};
					7A19182620880A2900090DC8 = {
						CreatedOnToolsVersion = 9.3;
						TestTargetID = 7A19180320880A2700090DC8;
					};
				};
			};
			buildConfigurationList = 7A1917FF20880A2700090DC8 /* Build configuration list for PBXProject "House" */;
			compatibilityVersion = "Xcode 9.3";
			developmentRegion = en;
			hasScannedForEncodings = 0;
			knownRegions = (
				en,
				Base,
			);
			mainGroup = 7A1917FB20880A2700090DC8;
			productRefGroup = 7A19180520880A2700090DC8 /* Products */;
			projectDirPath = "";
			projectRoot = "";
			targets = (
				7A19180320880A2700090DC8 /* House */,
				7A19181B20880A2900090DC8 /* HouseTests */,
				7A19182620880A2900090DC8 /* HouseUITests */,
			);
		};
/* End PBXProject section */

/* Begin PBXResourcesBuildPhase section */
		7A19180220880A2700090DC8 /* Resources */ = {
			isa = PBXResourcesBuildPhase;
			buildActionMask = 2147483647;
			files = (
				7A19181420880A2900090DC8 /* LaunchScreen.storyboard in Resources */,
				7A19181120880A2800090DC8 /* Assets.xcassets in Resources */,
				7A19185D2088100700090DC8 /* bedroom.jpg in Resources */,
				7A1918652088100700090DC8 /* mysterious_lake.jpg in Resources */,
				7A1918632088100700090DC8 /* cursed_chalice.jpg in Resources */,
				7A1918662088100700090DC8 /* coat_room.jpg in Resources */,
				7A1918602088100700090DC8 /* dining_room.jpg in Resources */,
				7A19185C2088100700090DC8 /* secret_passage.jpg in Resources */,
				7A1918622088100700090DC8 /* library.jpg in Resources */,
				7A1918682088100700090DC8 /* front_door.jpg in Resources */,
				7A19185F2088100700090DC8 /* dungeon.jpg in Resources */,
				7A19180F20880A2700090DC8 /* Main.storyboard in Resources */,
				7A1918642088100700090DC8 /* back_porch.jpg in Resources */,
				7A1918692088100700090DC8 /* stairs_up.jpg in Resources */,
				7A19186A2088100700090DC8 /* labratory.jpg in Resources */,
				7A1918612088100700090DC8 /* kitchen.jpg in Resources */,
				7A19185E2088100700090DC8 /* bathroom.jpg in Resources */,
				7A1918672088100700090DC8 /* generator.jpg in Resources */,
			);
			runOnlyForDeploymentPostprocessing = 0;
		};
		7A19181A20880A2900090DC8 /* Resources */ = {
			isa = PBXResourcesBuildPhase;
			buildActionMask = 2147483647;
			files = (
			);
			runOnlyForDeploymentPostprocessing = 0;
		};
		7A19182520880A2900090DC8 /* Resources */ = {
			isa = PBXResourcesBuildPhase;
			buildActionMask = 2147483647;
			files = (
			);
			runOnlyForDeploymentPostprocessing = 0;
		};
/* End PBXResourcesBuildPhase section */

/* Begin PBXSourcesBuildPhase section */
		7A19180020880A2700090DC8 /* Sources */ = {
			isa = PBXSourcesBuildPhase;
			buildActionMask = 2147483647;
			files = (
				7A19180C20880A2700090DC8 /* ViewController.m in Sources */,
				7A19181720880A2900090DC8 /* main.m in Sources */,
				7A19180920880A2700090DC8 /* AppDelegate.m in Sources */,
			);
			runOnlyForDeploymentPostprocessing = 0;
		};
		7A19181820880A2900090DC8 /* Sources */ = {
			isa = PBXSourcesBuildPhase;
			buildActionMask = 2147483647;
			files = (
				7A19182120880A2900090DC8 /* HouseTests.m in Sources */,
			);
			runOnlyForDeploymentPostprocessing = 0;
		};
		7A19182320880A2900090DC8 /* Sources */ = {
			isa = PBXSourcesBuildPhase;
			buildActionMask = 2147483647;
			files = (
				7A19182C20880A2900090DC8 /* HouseUITests.m in Sources */,
			);
			runOnlyForDeploymentPostprocessing = 0;
		};
/* End PBXSourcesBuildPhase section */

/* Begin PBXTargetDependency section */
		7A19181E20880A2900090DC8 /* PBXTargetDependency */ = {
			isa = PBXTargetDependency;
			target = 7A19180320880A2700090DC8 /* House */;
			targetProxy = 7A19181D20880A2900090DC8 /* PBXContainerItemProxy */;
		};
		7A19182920880A2900090DC8 /* PBXTargetDependency */ = {
			isa = PBXTargetDependency;
			target = 7A19180320880A2700090DC8 /* House */;
			targetProxy = 7A19182820880A2900090DC8 /* PBXContainerItemProxy */;
		};
/* End PBXTargetDependency section */

/* Begin PBXVariantGroup section */
		7A19180D20880A2700090DC8 /* Main.storyboard */ = {
			isa = PBXVariantGroup;
			children = (
				7A19180E20880A2700090DC8 /* Base */,
			);
			name = Main.storyboard;
			sourceTree = "<group>";
		};
		7A19181220880A2900090DC8 /* LaunchScreen.storyboard */ = {
			isa = PBXVariantGroup;
			children = (
				7A19181320880A2900090DC8 /* Base */,
			);
			name = LaunchScreen.storyboard;
			sourceTree = "<group>";
		};
/* End PBXVariantGroup section */

/* Begin XCBuildConfiguration section */
		7A19182E20880A2900090DC8 /* Debug */ = {
			isa = XCBuildConfiguration;
			buildSettings = {
				ALWAYS_SEARCH_USER_PATHS = NO;
				CLANG_ANALYZER_NONNULL = YES;
				CLANG_ANALYZER_NUMBER_OBJECT_CONVERSION = YES_AGGRESSIVE;
				CLANG_CXX_LANGUAGE_STANDARD = "gnu++14";
				CLANG_CXX_LIBRARY = "libc++";
				CLANG_ENABLE_MODULES = YES;
				CLANG_ENABLE_OBJC_ARC = YES;
				CLANG_ENABLE_OBJC_WEAK = YES;
				CLANG_WARN_BLOCK_CAPTURE_AUTORELEASING = YES;
				CLANG_WARN_BOOL_CONVERSION = YES;
				CLANG_WARN_COMMA = YES;
				CLANG_WARN_CONSTANT_CONVERSION = YES;
				CLANG_WARN_DEPRECATED_OBJC_IMPLEMENTATIONS = YES;
				CLANG_WARN_DIRECT_OBJC_ISA_USAGE = YES_ERROR;
				CLANG_WARN_DOCUMENTATION_COMMENTS = YES;
				CLANG_WARN_EMPTY_BODY = YES;
				CLANG_WARN_ENUM_CONVERSION = YES;
				CLANG_WARN_INFINITE_RECURSION = YES;
				CLANG_WARN_INT_CONVERSION = YES;
				CLANG_WARN_NON_LITERAL_NULL_CONVERSION = YES;
				CLANG_WARN_OBJC_IMPLICIT_RETAIN_SELF = YES;
				CLANG_WARN_OBJC_LITERAL_CONVERSION = YES;
				CLANG_WARN_OBJC_ROOT_CLASS = YES_ERROR;
				CLANG_WARN_RANGE_LOOP_ANALYSIS = YES;
				CLANG_WARN_STRICT_PROTOTYPES = YES;
				CLANG_WARN_SUSPICIOUS_MOVE = YES;
				CLANG_WARN_UNGUARDED_AVAILABILITY = YES_AGGRESSIVE;
				CLANG_WARN_UNREACHABLE_CODE = YES;
				CLANG_WARN__DUPLICATE_METHOD_MATCH = YES;
				CODE_SIGN_IDENTITY = "iPhone Developer";
				COPY_PHASE_STRIP = NO;
				DEBUG_INFORMATION_FORMAT = dwarf;
				ENABLE_STRICT_OBJC_MSGSEND = YES;
				ENABLE_TESTABILITY = YES;
				GCC_C_LANGUAGE_STANDARD = gnu11;
				GCC_DYNAMIC_NO_PIC = NO;
				GCC_NO_COMMON_BLOCKS = YES;
				GCC_OPTIMIZATION_LEVEL = 0;
				GCC_PREPROCESSOR_DEFINITIONS = (
					"DEBUG=1",
					"$(inherited)",
				);
				GCC_WARN_64_TO_32_BIT_CONVERSION = YES;
				GCC_WARN_ABOUT_RETURN_TYPE = YES_ERROR;
				GCC_WARN_UNDECLARED_SELECTOR = YES;
				GCC_WARN_UNINITIALIZED_AUTOS = YES_AGGRESSIVE;
				GCC_WARN_UNUSED_FUNCTION = YES;
				GCC_WARN_UNUSED_VARIABLE = YES;
				IPHONEOS_DEPLOYMENT_TARGET = 11.3;
				MTL_ENABLE_DEBUG_INFO = YES;
				ONLY_ACTIVE_ARCH = YES;
				SDKROOT = iphoneos;
			};
			name = Debug;
		};
		7A19182F20880A2900090DC8 /* Release */ = {
			isa = XCBuildConfiguration;
			buildSettings = {
				ALWAYS_SEARCH_USER_PATHS = NO;
				CLANG_ANALYZER_NONNULL = YES;
				CLANG_ANALYZER_NUMBER_OBJECT_CONVERSION = YES_AGGRESSIVE;
				CLANG_CXX_LANGUAGE_STANDARD = "gnu++14";
				CLANG_CXX_LIBRARY = "libc++";
				CLANG_ENABLE_MODULES = YES;
				CLANG_ENABLE_OBJC_ARC = YES;
				CLANG_ENABLE_OBJC_WEAK = YES;
				CLANG_WARN_BLOCK_CAPTURE_AUTORELEASING = YES;
				CLANG_WARN_BOOL_CONVERSION = YES;
				CLANG_WARN_COMMA = YES;
				CLANG_WARN_CONSTANT_CONVERSION = YES;
				CLANG_WARN_DEPRECATED_OBJC_IMPLEMENTATIONS = YES;
				CLANG_WARN_DIRECT_OBJC_ISA_USAGE = YES_ERROR;
				CLANG_WARN_DOCUMENTATION_COMMENTS = YES;
				CLANG_WARN_EMPTY_BODY = YES;
				CLANG_WARN_ENUM_CONVERSION = YES;
				CLANG_WARN_INFINITE_RECURSION = YES;
				CLANG_WARN_INT_CONVERSION = YES;
				CLANG_WARN_NON_LITERAL_NULL_CONVERSION = YES;
				CLANG_WARN_OBJC_IMPLICIT_RETAIN_SELF = YES;
				CLANG_WARN_OBJC_LITERAL_CONVERSION = YES;
				CLANG_WARN_OBJC_ROOT_CLASS = YES_ERROR;
				CLANG_WARN_RANGE_LOOP_ANALYSIS = YES;
				CLANG_WARN_STRICT_PROTOTYPES = YES;
				CLANG_WARN_SUSPICIOUS_MOVE = YES;
				CLANG_WARN_UNGUARDED_AVAILABILITY = YES_AGGRESSIVE;
				CLANG_WARN_UNREACHABLE_CODE = YES;
				CLANG_WARN__DUPLICATE_METHOD_MATCH = YES;
				CODE_SIGN_IDENTITY = "iPhone Developer";
				COPY_PHASE_STRIP = NO;
				DEBUG_INFORMATION_FORMAT = "dwarf-with-dsym";
				ENABLE_NS_ASSERTIONS = NO;
				ENABLE_STRICT_OBJC_MSGSEND = YES;
				GCC_C_LANGUAGE_STANDARD = gnu11;
				GCC_NO_COMMON_BLOCKS = YES;
				GCC_WARN_64_TO_32_BIT_CONVERSION = YES;
				GCC_WARN_ABOUT_RETURN_TYPE = YES_ERROR;
				GCC_WARN_UNDECLARED_SELECTOR = YES;
				GCC_WARN_UNINITIALIZED_AUTOS = YES_AGGRESSIVE;
				GCC_WARN_UNUSED_FUNCTION = YES;
				GCC_WARN_UNUSED_VARIABLE = YES;
				IPHONEOS_DEPLOYMENT_TARGET = 11.3;
				MTL_ENABLE_DEBUG_INFO = NO;
				SDKROOT = iphoneos;
				VALIDATE_PRODUCT = YES;
			};
			name = Release;
		};
		7A19183120880A2900090DC8 /* Debug */ = {
			isa = XCBuildConfiguration;
			buildSettings = {
				ASSETCATALOG_COMPILER_APPICON_NAME = AppIcon;
				CODE_SIGN_STYLE = Automatic;
				INFOPLIST_FILE = House/Info.plist;
				LD_RUNPATH_SEARCH_PATHS = (
					"$(inherited)",
					"@executable_path/Frameworks",
				);
				PRODUCT_BUNDLE_IDENTIFIER = bvo.House;
				PRODUCT_NAME = "$(TARGET_NAME)";
				TARGETED_DEVICE_FAMILY = "1,2";
			};
			name = Debug;
		};
		7A19183220880A2900090DC8 /* Release */ = {
			isa = XCBuildConfiguration;
			buildSettings = {
				ASSETCATALOG_COMPILER_APPICON_NAME = AppIcon;
				CODE_SIGN_STYLE = Automatic;
				INFOPLIST_FILE = House/Info.plist;
				LD_RUNPATH_SEARCH_PATHS = (
					"$(inherited)",
					"@executable_path/Frameworks",
				);
				PRODUCT_BUNDLE_IDENTIFIER = bvo.House;
				PRODUCT_NAME = "$(TARGET_NAME)";
				TARGETED_DEVICE_FAMILY = "1,2";
			};
			name = Release;
		};
		7A19183420880A2900090DC8 /* Debug */ = {
			isa = XCBuildConfiguration;
			buildSettings = {
				BUNDLE_LOADER = "$(TEST_HOST)";
				CODE_SIGN_STYLE = Automatic;
				INFOPLIST_FILE = HouseTests/Info.plist;
				LD_RUNPATH_SEARCH_PATHS = (
					"$(inherited)",
					"@executable_path/Frameworks",
					"@loader_path/Frameworks",
				);
				PRODUCT_BUNDLE_IDENTIFIER = bvo.HouseTests;
				PRODUCT_NAME = "$(TARGET_NAME)";
				TARGETED_DEVICE_FAMILY = "1,2";
				TEST_HOST = "$(BUILT_PRODUCTS_DIR)/House.app/House";
			};
			name = Debug;
		};
		7A19183520880A2900090DC8 /* Release */ = {
			isa = XCBuildConfiguration;
			buildSettings = {
				BUNDLE_LOADER = "$(TEST_HOST)";
				CODE_SIGN_STYLE = Automatic;
				INFOPLIST_FILE = HouseTests/Info.plist;
				LD_RUNPATH_SEARCH_PATHS = (
					"$(inherited)",
					"@executable_path/Frameworks",
					"@loader_path/Frameworks",
				);
				PRODUCT_BUNDLE_IDENTIFIER = bvo.HouseTests;
				PRODUCT_NAME = "$(TARGET_NAME)";
				TARGETED_DEVICE_FAMILY = "1,2";
				TEST_HOST = "$(BUILT_PRODUCTS_DIR)/House.app/House";
			};
			name = Release;
		};
		7A19183720880A2900090DC8 /* Debug */ = {
			isa = XCBuildConfiguration;
			buildSettings = {
				CODE_SIGN_STYLE = Automatic;
				INFOPLIST_FILE = HouseUITests/Info.plist;
				LD_RUNPATH_SEARCH_PATHS = (
					"$(inherited)",
					"@executable_path/Frameworks",
					"@loader_path/Frameworks",
				);
				PRODUCT_BUNDLE_IDENTIFIER = bvo.HouseUITests;
				PRODUCT_NAME = "$(TARGET_NAME)";
				TARGETED_DEVICE_FAMILY = "1,2";
				TEST_TARGET_NAME = House;
			};
			name = Debug;
		};
		7A19183820880A2900090DC8 /* Release */ = {
			isa = XCBuildConfiguration;
			buildSettings = {
				CODE_SIGN_STYLE = Automatic;
				INFOPLIST_FILE = HouseUITests/Info.plist;
				LD_RUNPATH_SEARCH_PATHS = (
					"$(inherited)",
					"@executable_path/Frameworks",
					"@loader_path/Frameworks",
				);
				PRODUCT_BUNDLE_IDENTIFIER = bvo.HouseUITests;
				PRODUCT_NAME = "$(TARGET_NAME)";
				TARGETED_DEVICE_FAMILY = "1,2";
				TEST_TARGET_NAME = House;
			};
			name = Release;
		};
/* End XCBuildConfiguration section */

/* Begin XCConfigurationList section */
		7A1917FF20880A2700090DC8 /* Build configuration list for PBXProject "House" */ = {
			isa = XCConfigurationList;
			buildConfigurations = (
				7A19182E20880A2900090DC8 /* Debug */,
				7A19182F20880A2900090DC8 /* Release */,
			);
			defaultConfigurationIsVisible = 0;
			defaultConfigurationName = Release;
		};
		7A19183020880A2900090DC8 /* Build configuration list for PBXNativeTarget "House" */ = {
			isa = XCConfigurationList;
			buildConfigurations = (
				7A19183120880A2900090DC8 /* Debug */,
				7A19183220880A2900090DC8 /* Release */,
			);
			defaultConfigurationIsVisible = 0;
			defaultConfigurationName = Release;
		};
		7A19183320880A2900090DC8 /* Build configuration list for PBXNativeTarget "HouseTests" */ = {
			isa = XCConfigurationList;
			buildConfigurations = (
				7A19183420880A2900090DC8 /* Debug */,
				7A19183520880A2900090DC8 /* Release */,
			);
			defaultConfigurationIsVisible = 0;
			defaultConfigurationName = Release;
		};
		7A19183620880A2900090DC8 /* Build configuration list for PBXNativeTarget "HouseUITests" */ = {
			isa = XCConfigurationList;
			buildConfigurations = (
				7A19183720880A2900090DC8 /* Debug */,
				7A19183820880A2900090DC8 /* Release */,
			);
			defaultConfigurationIsVisible = 0;
			defaultConfigurationName = Release;
		};
/* End XCConfigurationList section */
	};
	rootObject = 7A1917FC20880A2700090DC8 /* Project object */;
}
